
Microsoft Visual Studio Solution File, Format Version 12.00
# Visual Studio Version 17
VisualStudioVersion = 17.7.34221.43
MinimumVisualStudioVersion = 10.0.40219.1
Project("{FAE04EC0-301F-11D3-BF4B-00C04F79EFBC}") = "WpfPost", "WpfPost.csproj", "{1EBB6408-9081-4EA0-B88B-FE2822EE6211}"
EndProject
Global
	GlobalSection(SolutionConfigurationPlatforms) = preSolution
		Debug|Any CPU = Debug|Any CPU
		Release|Any CPU = Release|Any CPU
	EndGlobalSection
	GlobalSection(ProjectConfigurationPlatforms) = postSolution
		{1EBB6408-9081-4EA0-B88B-FE2822EE6211}.Debug|Any CPU.ActiveCfg = Debug|Any CPU
		{1EBB6408-9081-4EA0-B88B-FE2822EE6211}.Debug|Any CPU.Build.0 = Debug|Any CPU
		{1EBB6408-9081-4EA0-B88B-FE2822EE6211}.Release|Any CPU.ActiveCfg = Release|Any CPU
		{1EBB6408-9081-4EA0-B88B-FE2822EE6211}.Release|Any CPU.Build.0 = Release|Any CPU
	EndGlobalSection
	GlobalSection(SolutionProperties) = preSolution
		HideSolutionNode = FALSE
	EndGlobalSection
	GlobalSection(ExtensibilityGlobals) = postSolution
		SolutionGuid = {7F561C00-1DE6-44B3-A6DB-0AE96D53A9AA}
	EndGlobalSection
EndGlobal
